
Microsoft Visual Studio Solution File, Format Version 12.00
# Visual Studio Version 16
VisualStudioVersion = 16.0.30517.126
MinimumVisualStudioVersion = 10.0.40219.1
Project("{9A19103F-16F7-4668-BE54-9A1E7A4F7556}") = "XafBlazorDocker.Module", "XafBlazorDocker.Module\XafBlazorDocker.Module.csproj", "{CB00A255-4843-4C69-BAE8-08BACA6C6814}"
EndProject
Project("{9A19103F-16F7-4668-BE54-9A1E7A4F7556}") = "XafBlazorDocker.Module.Blazor", "XafBlazorDocker.Module.Blazor\XafBlazorDocker.Module.Blazor.csproj", "{EF3A2E0F-87DC-4049-A269-C0031853EAC0}"
EndProject
Project("{9A19103F-16F7-4668-BE54-9A1E7A4F7556}") = "XafBlazorDocker.Blazor.Server", "XafBlazorDocker.Blazor.Server\XafBlazorDocker.Blazor.Server.csproj", "{4D230FF4-EE61-4857-8D61-97A3B2CBBF97}"
EndProject
Global
	GlobalSection(SolutionConfigurationPlatforms) = preSolution
		Debug|Any CPU = Debug|Any CPU
		EasyTest|Any CPU = EasyTest|Any CPU
		Release|Any CPU = Release|Any CPU
	EndGlobalSection
	GlobalSection(ProjectConfigurationPlatforms) = postSolution
		{CB00A255-4843-4C69-BAE8-08BACA6C6814}.Debug|Any CPU.ActiveCfg = Debug|Any CPU
		{CB00A255-4843-4C69-BAE8-08BACA6C6814}.Debug|Any CPU.Build.0 = Debug|Any CPU
		{CB00A255-4843-4C69-BAE8-08BACA6C6814}.EasyTest|Any CPU.ActiveCfg = EasyTest|Any CPU
		{CB00A255-4843-4C69-BAE8-08BACA6C6814}.EasyTest|Any CPU.Build.0 = EasyTest|Any CPU
		{CB00A255-4843-4C69-BAE8-08BACA6C6814}.Release|Any CPU.ActiveCfg = Release|Any CPU
		{CB00A255-4843-4C69-BAE8-08BACA6C6814}.Release|Any CPU.Build.0 = Release|Any CPU
		{EF3A2E0F-87DC-4049-A269-C0031853EAC0}.Debug|Any CPU.ActiveCfg = Debug|Any CPU
		{EF3A2E0F-87DC-4049-A269-C0031853EAC0}.Debug|Any CPU.Build.0 = Debug|Any CPU
		{EF3A2E0F-87DC-4049-A269-C0031853EAC0}.EasyTest|Any CPU.ActiveCfg = EasyTest|Any CPU
		{EF3A2E0F-87DC-4049-A269-C0031853EAC0}.EasyTest|Any CPU.Build.0 = EasyTest|Any CPU
		{EF3A2E0F-87DC-4049-A269-C0031853EAC0}.Release|Any CPU.ActiveCfg = Release|Any CPU
		{EF3A2E0F-87DC-4049-A269-C0031853EAC0}.Release|Any CPU.Build.0 = Release|Any CPU
		{4D230FF4-EE61-4857-8D61-97A3B2CBBF97}.Debug|Any CPU.ActiveCfg = Debug|Any CPU
		{4D230FF4-EE61-4857-8D61-97A3B2CBBF97}.Debug|Any CPU.Build.0 = Debug|Any CPU
		{4D230FF4-EE61-4857-8D61-97A3B2CBBF97}.EasyTest|Any CPU.ActiveCfg = EasyTest|Any CPU
		{4D230FF4-EE61-4857-8D61-97A3B2CBBF97}.EasyTest|Any CPU.Build.0 = EasyTest|Any CPU
		{4D230FF4-EE61-4857-8D61-97A3B2CBBF97}.Release|Any CPU.ActiveCfg = Release|Any CPU
		{4D230FF4-EE61-4857-8D61-97A3B2CBBF97}.Release|Any CPU.Build.0 = Release|Any CPU
	EndGlobalSection
	GlobalSection(SolutionProperties) = preSolution
		HideSolutionNode = FALSE
	EndGlobalSection
	GlobalSection(ExtensibilityGlobals) = postSolution
		SolutionGuid = {D38A2D37-8AFE-4DE1-925B-8576C4409174}
	EndGlobalSection
EndGlobal
